
Microsoft Visual Studio Solution File, Format Version 12.00
# Visual Studio Version 17
VisualStudioVersion = 17.3.32825.248
MinimumVisualStudioVersion = 10.0.40219.1
Project("{9A19103F-16F7-4668-BE54-9A1E7A4F7556}") = "WebAppApi", "WebAppApi\WebAppApi.csproj", "{26385DFE-E8B4-406C-84AB-BF9B9CC7DCF1}"
EndProject
Project("{FAE04EC0-301F-11D3-BF4B-00C04F79EFBC}") = "DataAccessLayer", "DataAccessLayer\DataAccessLayer.csproj", "{DFC04D82-BA93-4C45-8C96-AFF53A38AE5F}"
EndProject
Global
	GlobalSection(SolutionConfigurationPlatforms) = preSolution
		Debug|Any CPU = Debug|Any CPU
		Release|Any CPU = Release|Any CPU
	EndGlobalSection
	GlobalSection(ProjectConfigurationPlatforms) = postSolution
		{26385DFE-E8B4-406C-84AB-BF9B9CC7DCF1}.Debug|Any CPU.ActiveCfg = Debug|Any CPU
		{26385DFE-E8B4-406C-84AB-BF9B9CC7DCF1}.Debug|Any CPU.Build.0 = Debug|Any CPU
		{26385DFE-E8B4-406C-84AB-BF9B9CC7DCF1}.Release|Any CPU.ActiveCfg = Release|Any CPU
		{26385DFE-E8B4-406C-84AB-BF9B9CC7DCF1}.Release|Any CPU.Build.0 = Release|Any CPU
		{DFC04D82-BA93-4C45-8C96-AFF53A38AE5F}.Debug|Any CPU.ActiveCfg = Debug|Any CPU
		{DFC04D82-BA93-4C45-8C96-AFF53A38AE5F}.Debug|Any CPU.Build.0 = Debug|Any CPU
		{DFC04D82-BA93-4C45-8C96-AFF53A38AE5F}.Release|Any CPU.ActiveCfg = Release|Any CPU
		{DFC04D82-BA93-4C45-8C96-AFF53A38AE5F}.Release|Any CPU.Build.0 = Release|Any CPU
	EndGlobalSection
	GlobalSection(SolutionProperties) = preSolution
		HideSolutionNode = FALSE
	EndGlobalSection
	GlobalSection(ExtensibilityGlobals) = postSolution
		SolutionGuid = {8EB47975-2D58-493D-8228-31AA4A93A20C}
	EndGlobalSection
EndGlobal
